
Microsoft Visual Studio Solution File, Format Version 12.00
# Visual Studio Version 17
VisualStudioVersion = 17.11.35327.3
MinimumVisualStudioVersion = 10.0.40219.1
Project("{888888A0-9F3D-457C-B088-3A5042F75D52}") = "BOTIK", "BOTIK.pyproj", "{7B7A9395-93F5-4752-B71D-91E3041418CC}"
EndProject
Global
	GlobalSection(SolutionConfigurationPlatforms) = preSolution
		Debug|Any CPU = Debug|Any CPU
		Release|Any CPU = Release|Any CPU
	EndGlobalSection
	GlobalSection(ProjectConfigurationPlatforms) = postSolution
		{7B7A9395-93F5-4752-B71D-91E3041418CC}.Debug|Any CPU.ActiveCfg = Debug|Any CPU
		{7B7A9395-93F5-4752-B71D-91E3041418CC}.Release|Any CPU.ActiveCfg = Release|Any CPU
	EndGlobalSection
	GlobalSection(SolutionProperties) = preSolution
		HideSolutionNode = FALSE
	EndGlobalSection
	GlobalSection(ExtensibilityGlobals) = postSolution
		SolutionGuid = {3B1D8F30-D9EE-4EEE-B380-78DB3EFAE645}
	EndGlobalSection
EndGlobal
